
Microsoft Visual Studio Solution File, Format Version 12.00
# Visual Studio 15
VisualStudioVersion = 15.0.27004.2009
MinimumVisualStudioVersion = 10.0.40219.1
Project("{9A19103F-16F7-4668-BE54-9A1E7A4F7556}") = "Project.Model", "Project.Model\Project.Model.csproj", "{9C29F8AE-634D-44CE-AB95-40996236309D}"
EndProject
Project("{9A19103F-16F7-4668-BE54-9A1E7A4F7556}") = "Project.DAL", "Project.DAL\Project.DAL.csproj", "{218FCAD9-C26B-4935-9A92-0C7D3841CF63}"
EndProject
Project("{9A19103F-16F7-4668-BE54-9A1E7A4F7556}") = "Project.IDAL", "Project.IDAL\Project.IDAL.csproj", "{05739F29-0B80-4C2A-878A-20198ACDCD8B}"
EndProject
Project("{9A19103F-16F7-4668-BE54-9A1E7A4F7556}") = "Project.BLL", "Project.BLL\Project.BLL.csproj", "{6C387E06-AC18-4644-9E55-B3E9DC7B8B32}"
EndProject
Project("{9A19103F-16F7-4668-BE54-9A1E7A4F7556}") = "Project.IBLL", "Project.IBLL\Project.IBLL.csproj", "{2C082346-E156-400D-9BD8-794599460939}"
EndProject
Project("{9A19103F-16F7-4668-BE54-9A1E7A4F7556}") = "Project.UnitTest", "Project.UnitTest\Project.UnitTest.csproj", "{DD4076CD-4721-4AF0-AC2C-1AE3BA3CDECE}"
EndProject
Project("{9A19103F-16F7-4668-BE54-9A1E7A4F7556}") = "Project.AutoGenerateCode", "Project.AutoGenerateCode\Project.AutoGenerateCode.csproj", "{C56283AD-F6EE-4604-8052-311F0F2F7F66}"
EndProject
Project("{9A19103F-16F7-4668-BE54-9A1E7A4F7556}") = "Project.Core", "Project.Core\Project.Core.csproj", "{57BD70CD-8DAB-463F-9518-756FAC2B676F}"
EndProject
Project("{FAE04EC0-301F-11D3-BF4B-00C04F79EFBC}") = "Project.WebApi", "Project.WebApi\Project.WebApi.csproj", "{8A7626EF-7A32-4809-9235-253B3D88DB79}"
EndProject
Global
	GlobalSection(SolutionConfigurationPlatforms) = preSolution
		Debug|Any CPU = Debug|Any CPU
		Release|Any CPU = Release|Any CPU
	EndGlobalSection
	GlobalSection(ProjectConfigurationPlatforms) = postSolution
		{9C29F8AE-634D-44CE-AB95-40996236309D}.Debug|Any CPU.ActiveCfg = Debug|Any CPU
		{9C29F8AE-634D-44CE-AB95-40996236309D}.Debug|Any CPU.Build.0 = Debug|Any CPU
		{9C29F8AE-634D-44CE-AB95-40996236309D}.Release|Any CPU.ActiveCfg = Release|Any CPU
		{9C29F8AE-634D-44CE-AB95-40996236309D}.Release|Any CPU.Build.0 = Release|Any CPU
		{218FCAD9-C26B-4935-9A92-0C7D3841CF63}.Debug|Any CPU.ActiveCfg = Debug|Any CPU
		{218FCAD9-C26B-4935-9A92-0C7D3841CF63}.Debug|Any CPU.Build.0 = Debug|Any CPU
		{218FCAD9-C26B-4935-9A92-0C7D3841CF63}.Release|Any CPU.ActiveCfg = Release|Any CPU
		{218FCAD9-C26B-4935-9A92-0C7D3841CF63}.Release|Any CPU.Build.0 = Release|Any CPU
		{05739F29-0B80-4C2A-878A-20198ACDCD8B}.Debug|Any CPU.ActiveCfg = Debug|Any CPU
		{05739F29-0B80-4C2A-878A-20198ACDCD8B}.Debug|Any CPU.Build.0 = Debug|Any CPU
		{05739F29-0B80-4C2A-878A-20198ACDCD8B}.Release|Any CPU.ActiveCfg = Release|Any CPU
		{05739F29-0B80-4C2A-878A-20198ACDCD8B}.Release|Any CPU.Build.0 = Release|Any CPU
		{6C387E06-AC18-4644-9E55-B3E9DC7B8B32}.Debug|Any CPU.ActiveCfg = Debug|Any CPU
		{6C387E06-AC18-4644-9E55-B3E9DC7B8B32}.Debug|Any CPU.Build.0 = Debug|Any CPU
		{6C387E06-AC18-4644-9E55-B3E9DC7B8B32}.Release|Any CPU.ActiveCfg = Release|Any CPU
		{6C387E06-AC18-4644-9E55-B3E9DC7B8B32}.Release|Any CPU.Build.0 = Release|Any CPU
		{2C082346-E156-400D-9BD8-794599460939}.Debug|Any CPU.ActiveCfg = Debug|Any CPU
		{2C082346-E156-400D-9BD8-794599460939}.Debug|Any CPU.Build.0 = Debug|Any CPU
		{2C082346-E156-400D-9BD8-794599460939}.Release|Any CPU.ActiveCfg = Release|Any CPU
		{2C082346-E156-400D-9BD8-794599460939}.Release|Any CPU.Build.0 = Release|Any CPU
		{DD4076CD-4721-4AF0-AC2C-1AE3BA3CDECE}.Debug|Any CPU.ActiveCfg = Debug|Any CPU
		{DD4076CD-4721-4AF0-AC2C-1AE3BA3CDECE}.Debug|Any CPU.Build.0 = Debug|Any CPU
		{DD4076CD-4721-4AF0-AC2C-1AE3BA3CDECE}.Release|Any CPU.ActiveCfg = Release|Any CPU
		{DD4076CD-4721-4AF0-AC2C-1AE3BA3CDECE}.Release|Any CPU.Build.0 = Release|Any CPU
		{C56283AD-F6EE-4604-8052-311F0F2F7F66}.Debug|Any CPU.ActiveCfg = Debug|Any CPU
		{C56283AD-F6EE-4604-8052-311F0F2F7F66}.Debug|Any CPU.Build.0 = Debug|Any CPU
		{C56283AD-F6EE-4604-8052-311F0F2F7F66}.Release|Any CPU.ActiveCfg = Release|Any CPU
		{C56283AD-F6EE-4604-8052-311F0F2F7F66}.Release|Any CPU.Build.0 = Release|Any CPU
		{57BD70CD-8DAB-463F-9518-756FAC2B676F}.Debug|Any CPU.ActiveCfg = Debug|Any CPU
		{57BD70CD-8DAB-463F-9518-756FAC2B676F}.Debug|Any CPU.Build.0 = Debug|Any CPU
		{57BD70CD-8DAB-463F-9518-756FAC2B676F}.Release|Any CPU.ActiveCfg = Release|Any CPU
		{57BD70CD-8DAB-463F-9518-756FAC2B676F}.Release|Any CPU.Build.0 = Release|Any CPU
		{8A7626EF-7A32-4809-9235-253B3D88DB79}.Debug|Any CPU.ActiveCfg = Debug|Any CPU
		{8A7626EF-7A32-4809-9235-253B3D88DB79}.Debug|Any CPU.Build.0 = Debug|Any CPU
		{8A7626EF-7A32-4809-9235-253B3D88DB79}.Release|Any CPU.ActiveCfg = Release|Any CPU
		{8A7626EF-7A32-4809-9235-253B3D88DB79}.Release|Any CPU.Build.0 = Release|Any CPU
	EndGlobalSection
	GlobalSection(SolutionProperties) = preSolution
		HideSolutionNode = FALSE
	EndGlobalSection
	GlobalSection(ExtensibilityGlobals) = postSolution
		SolutionGuid = {0BA6A380-130B-44B6-BFFF-055EFD9AD505}
	EndGlobalSection
EndGlobal
